{
  "version": 4,
  "terraform_version": "1.2.9",
  "serial": 84,
  "lineage": "fa87c4d5-65d4-e80e-0954-92bd9d508ecf",
  "outputs": {},
  "resources": [
    {
      "mode": "data",
      "type": "aws_availability_zones",
      "name": "available",
      "provider": "provider[\"registry.terraform.io/hashicorp/aws\"]",
      "instances": [
        {
          "schema_version": 0,
          "attributes": {
            "all_availability_zones": null,
            "exclude_names": null,
            "exclude_zone_ids": null,
            "filter": null,
            "group_names": [
              "ap-southeast-1"
            ],
            "id": "ap-southeast-1",
            "names": [
              "ap-southeast-1a",
              "ap-southeast-1b",
              "ap-southeast-1c"
            ],
            "state": "available",
            "zone_ids": [
              "apse1-az1",
              "apse1-az2",
              "apse1-az3"
            ]
          },
          "sensitive_attributes": []
        }
      ]
    },
    {
      "mode": "managed",
      "type": "aws_instance",
      "name": "external_web",
      "provider": "provider[\"registry.terraform.io/hashicorp/aws\"]",
      "instances": [
        {
          "index_key": 0,
          "schema_version": 1,
          "attributes": {
            "ami": "ami-0af2f764c580cc1f9",
            "arn": "arn:aws:ec2:ap-southeast-1:969587652839:instance/i-00fd25afc8165b7ae",
            "associate_public_ip_address": true,
            "availability_zone": "ap-southeast-1a",
            "capacity_reservation_specification": [
              {
                "capacity_reservation_preference": "open",
                "capacity_reservation_target": []
              }
            ],
            "cpu_core_count": 1,
            "cpu_threads_per_core": 1,
            "credit_specification": [
              {
                "cpu_credits": "standard"
              }
            ],
            "disable_api_termination": false,
            "ebs_block_device": [],
            "ebs_optimized": false,
            "enclave_options": [
              {
                "enabled": false
              }
            ],
            "ephemeral_block_device": [],
            "get_password_data": false,
            "hibernation": false,
            "host_id": null,
            "iam_instance_profile": "",
            "id": "i-00fd25afc8165b7ae",
            "instance_initiated_shutdown_behavior": "stop",
            "instance_state": "running",
            "instance_type": "t2.micro",
            "ipv6_address_count": 0,
            "ipv6_addresses": [],
            "key_name": "",
            "launch_template": [],
            "metadata_options": [
              {
                "http_endpoint": "enabled",
                "http_put_response_hop_limit": 1,
                "http_tokens": "optional",
                "instance_metadata_tags": "disabled"
              }
            ],
            "monitoring": false,
            "network_interface": [],
            "outpost_arn": "",
            "password_data": "",
            "placement_group": "",
            "placement_partition_number": null,
            "primary_network_interface_id": "eni-02212ab7c06c60202",
            "private_dns": "ip-10-58-128-26.ap-southeast-1.compute.internal",
            "private_ip": "10.58.128.26",
            "public_dns": "ec2-54-179-31-173.ap-southeast-1.compute.amazonaws.com",
            "public_ip": "54.179.31.173",
            "root_block_device": [
              {
                "delete_on_termination": true,
                "device_name": "/dev/xvda",
                "encrypted": false,
                "iops": 100,
                "kms_key_id": "",
                "tags": {},
                "throughput": 0,
                "volume_id": "vol-082ed30b6493248ea",
                "volume_size": 8,
                "volume_type": "gp2"
              }
            ],
            "secondary_private_ips": [],
            "security_groups": [],
            "source_dest_check": true,
            "subnet_id": "subnet-09def90f0b1fec047",
            "tags": {
              "Name": "connect2ocbc-dev-external-web-0",
              "billing_code": "FH",
              "company": "fahim-test",
              "environment": "dev",
              "project": "fahim-test-sandbox"
            },
            "tags_all": {
              "Name": "connect2ocbc-dev-external-web-0",
              "billing_code": "FH",
              "company": "fahim-test",
              "environment": "dev",
              "project": "fahim-test-sandbox"
            },
            "tenancy": "default",
            "timeouts": null,
            "user_data": "ae4abbda9c5536aceb6003182f3a4b25c721c188",
            "user_data_base64": null,
            "volume_tags": null,
            "vpc_security_group_ids": [
              "sg-0bd323b3852facb9f"
            ]
          },
          "sensitive_attributes": [],
          "private": "eyJlMmJmYjczMC1lY2FhLTExZTYtOGY4OC0zNDM2M2JjN2M0YzAiOnsiY3JlYXRlIjo2MDAwMDAwMDAwMDAsImRlbGV0ZSI6MTIwMDAwMDAwMDAwMCwidXBkYXRlIjo2MDAwMDAwMDAwMDB9LCJzY2hlbWFfdmVyc2lvbiI6IjEifQ==",
          "dependencies": [
            "aws_security_group.external-web-sg",
            "data.aws_availability_zones.available",
            "module.vpc.aws_subnet.public",
            "module.vpc.aws_vpc.this",
            "module.vpc.aws_vpc_ipv4_cidr_block_association.this"
          ]
        }
      ]
    },
    {
      "mode": "managed",
      "type": "aws_security_group",
      "name": "external-web-sg",
      "provider": "provider[\"registry.terraform.io/hashicorp/aws\"]",
      "instances": [
        {
          "schema_version": 1,
          "attributes": {
            "arn": "arn:aws:ec2:ap-southeast-1:969587652839:security-group/sg-0bd323b3852facb9f",
            "description": "Managed by Terraform",
            "egress": [
              {
                "cidr_blocks": [
                  "0.0.0.0/0"
                ],
                "description": "",
                "from_port": 0,
                "ipv6_cidr_blocks": [],
                "prefix_list_ids": [],
                "protocol": "-1",
                "security_groups": [],
                "self": false,
                "to_port": 0
              }
            ],
            "id": "sg-0bd323b3852facb9f",
            "ingress": [
              {
                "cidr_blocks": [
                  "0.0.0.0/0"
                ],
                "description": "",
                "from_port": 433,
                "ipv6_cidr_blocks": [],
                "prefix_list_ids": [],
                "protocol": "tcp",
                "security_groups": [],
                "self": false,
                "to_port": 443
              },
              {
                "cidr_blocks": [
                  "10.58.128.0/23"
                ],
                "description": "",
                "from_port": 22,
                "ipv6_cidr_blocks": [],
                "prefix_list_ids": [],
                "protocol": "tcp",
                "security_groups": [],
                "self": false,
                "to_port": 22
              }
            ],
            "name": "connect2ocbc-dev-external-web-sg",
            "name_prefix": "",
            "owner_id": "969587652839",
            "revoke_rules_on_delete": false,
            "tags": {
              "billing_code": "FH",
              "company": "fahim-test",
              "environment": "dev",
              "project": "fahim-test-sandbox"
            },
            "tags_all": {
              "billing_code": "FH",
              "company": "fahim-test",
              "environment": "dev",
              "project": "fahim-test-sandbox"
            },
            "timeouts": null,
            "vpc_id": "vpc-087860e31b0692055"
          },
          "sensitive_attributes": [],
          "private": "eyJlMmJmYjczMC1lY2FhLTExZTYtOGY4OC0zNDM2M2JjN2M0YzAiOnsiY3JlYXRlIjo2MDAwMDAwMDAwMDAsImRlbGV0ZSI6OTAwMDAwMDAwMDAwfSwic2NoZW1hX3ZlcnNpb24iOiIxIn0=",
          "dependencies": [
            "module.vpc.aws_vpc.this"
          ]
        }
      ]
    },
    {
      "module": "module.vpc",
      "mode": "managed",
      "type": "aws_internet_gateway",
      "name": "this",
      "provider": "provider[\"registry.terraform.io/hashicorp/aws\"]",
      "instances": [
        {
          "index_key": 0,
          "schema_version": 0,
          "attributes": {
            "arn": "arn:aws:ec2:ap-southeast-1:969587652839:internet-gateway/igw-0dd8272f742c7b4c3",
            "id": "igw-0dd8272f742c7b4c3",
            "owner_id": "969587652839",
            "tags": {
              "Name": "ec2-rds-terraform",
              "billing_code": "FH",
              "company": "fahim-test",
              "environment": "dev",
              "project": "fahim-test-sandbox"
            },
            "tags_all": {
              "Name": "ec2-rds-terraform",
              "billing_code": "FH",
              "company": "fahim-test",
              "environment": "dev",
              "project": "fahim-test-sandbox"
            },
            "vpc_id": "vpc-087860e31b0692055"
          },
          "sensitive_attributes": [],
          "private": "bnVsbA==",
          "dependencies": [
            "module.vpc.aws_vpc.this",
            "module.vpc.aws_vpc_ipv4_cidr_block_association.this"
          ]
        }
      ]
    },
    {
      "module": "module.vpc",
      "mode": "managed",
      "type": "aws_subnet",
      "name": "public",
      "provider": "provider[\"registry.terraform.io/hashicorp/aws\"]",
      "instances": [
        {
          "index_key": 0,
          "schema_version": 1,
          "attributes": {
            "arn": "arn:aws:ec2:ap-southeast-1:969587652839:subnet/subnet-09def90f0b1fec047",
            "assign_ipv6_address_on_creation": false,
            "availability_zone": "ap-southeast-1a",
            "availability_zone_id": "apse1-az1",
            "cidr_block": "10.58.128.0/27",
            "customer_owned_ipv4_pool": "",
            "enable_dns64": false,
            "enable_resource_name_dns_a_record_on_launch": false,
            "enable_resource_name_dns_aaaa_record_on_launch": false,
            "id": "subnet-09def90f0b1fec047",
            "ipv6_cidr_block": "",
            "ipv6_cidr_block_association_id": "",
            "ipv6_native": false,
            "map_customer_owned_ip_on_launch": false,
            "map_public_ip_on_launch": true,
            "outpost_arn": "",
            "owner_id": "969587652839",
            "private_dns_hostname_type_on_launch": "ip-name",
            "tags": {
              "Name": "ec2-rds-terraform-public-ap-southeast-1a",
              "billing_code": "FH",
              "company": "fahim-test",
              "environment": "dev",
              "project": "fahim-test-sandbox"
            },
            "tags_all": {
              "Name": "ec2-rds-terraform-public-ap-southeast-1a",
              "billing_code": "FH",
              "company": "fahim-test",
              "environment": "dev",
              "project": "fahim-test-sandbox"
            },
            "timeouts": null,
            "vpc_id": "vpc-087860e31b0692055"
          },
          "sensitive_attributes": [],
          "private": "eyJlMmJmYjczMC1lY2FhLTExZTYtOGY4OC0zNDM2M2JjN2M0YzAiOnsiY3JlYXRlIjo2MDAwMDAwMDAwMDAsImRlbGV0ZSI6MTIwMDAwMDAwMDAwMH0sInNjaGVtYV92ZXJzaW9uIjoiMSJ9",
          "dependencies": [
            "data.aws_availability_zones.available",
            "module.vpc.aws_vpc.this",
            "module.vpc.aws_vpc_ipv4_cidr_block_association.this"
          ]
        },
        {
          "index_key": 1,
          "schema_version": 1,
          "attributes": {
            "arn": "arn:aws:ec2:ap-southeast-1:969587652839:subnet/subnet-04581f62c07822d51",
            "assign_ipv6_address_on_creation": false,
            "availability_zone": "ap-southeast-1b",
            "availability_zone_id": "apse1-az2",
            "cidr_block": "10.58.128.32/27",
            "customer_owned_ipv4_pool": "",
            "enable_dns64": false,
            "enable_resource_name_dns_a_record_on_launch": false,
            "enable_resource_name_dns_aaaa_record_on_launch": false,
            "id": "subnet-04581f62c07822d51",
            "ipv6_cidr_block": "",
            "ipv6_cidr_block_association_id": "",
            "ipv6_native": false,
            "map_customer_owned_ip_on_launch": false,
            "map_public_ip_on_launch": true,
            "outpost_arn": "",
            "owner_id": "969587652839",
            "private_dns_hostname_type_on_launch": "ip-name",
            "tags": {
              "Name": "ec2-rds-terraform-public-ap-southeast-1b",
              "billing_code": "FH",
              "company": "fahim-test",
              "environment": "dev",
              "project": "fahim-test-sandbox"
            },
            "tags_all": {
              "Name": "ec2-rds-terraform-public-ap-southeast-1b",
              "billing_code": "FH",
              "company": "fahim-test",
              "environment": "dev",
              "project": "fahim-test-sandbox"
            },
            "timeouts": null,
            "vpc_id": "vpc-087860e31b0692055"
          },
          "sensitive_attributes": [],
          "private": "eyJlMmJmYjczMC1lY2FhLTExZTYtOGY4OC0zNDM2M2JjN2M0YzAiOnsiY3JlYXRlIjo2MDAwMDAwMDAwMDAsImRlbGV0ZSI6MTIwMDAwMDAwMDAwMH0sInNjaGVtYV92ZXJzaW9uIjoiMSJ9",
          "dependencies": [
            "data.aws_availability_zones.available",
            "module.vpc.aws_vpc.this",
            "module.vpc.aws_vpc_ipv4_cidr_block_association.this"
          ]
        }
      ]
    },
    {
      "module": "module.vpc",
      "mode": "managed",
      "type": "aws_vpc",
      "name": "this",
      "provider": "provider[\"registry.terraform.io/hashicorp/aws\"]",
      "instances": [
        {
          "index_key": 0,
          "schema_version": 1,
          "attributes": {
            "arn": "arn:aws:ec2:ap-southeast-1:969587652839:vpc/vpc-087860e31b0692055",
            "assign_generated_ipv6_cidr_block": false,
            "cidr_block": "10.58.128.0/23",
            "default_network_acl_id": "acl-02d1b25a5fa7cfcb9",
            "default_route_table_id": "rtb-00c3946433c437bce",
            "default_security_group_id": "sg-099dfbfbe945f89f1",
            "dhcp_options_id": "dopt-078fb70c99d830fc6",
            "enable_classiclink": false,
            "enable_classiclink_dns_support": false,
            "enable_dns_hostnames": true,
            "enable_dns_support": true,
            "id": "vpc-087860e31b0692055",
            "instance_tenancy": "default",
            "ipv4_ipam_pool_id": null,
            "ipv4_netmask_length": null,
            "ipv6_association_id": "",
            "ipv6_cidr_block": "",
            "ipv6_cidr_block_network_border_group": "",
            "ipv6_ipam_pool_id": "",
            "ipv6_netmask_length": 0,
            "main_route_table_id": "rtb-00c3946433c437bce",
            "owner_id": "969587652839",
            "tags": {
              "Name": "ec2-rds-terraform",
              "billing_code": "FH",
              "company": "fahim-test",
              "environment": "dev",
              "project": "fahim-test-sandbox"
            },
            "tags_all": {
              "Name": "ec2-rds-terraform",
              "billing_code": "FH",
              "company": "fahim-test",
              "environment": "dev",
              "project": "fahim-test-sandbox"
            }
          },
          "sensitive_attributes": [],
          "private": "eyJzY2hlbWFfdmVyc2lvbiI6IjEifQ=="
        }
      ]
    }
  ]
}
